
Microsoft Visual Studio Solution File, Format Version 12.00
# Visual Studio 15
VisualStudioVersion = 15.0.28307.421
MinimumVisualStudioVersion = 10.0.40219.1
Project("{FAE04EC0-301F-11D3-BF4B-00C04F79EFBC}") = "FirstMVC", "FirstMVC\FirstMVC.csproj", "{D203106A-F2BE-4FFD-A35C-FD30F23794B7}"
EndProject
Global
	GlobalSection(SolutionConfigurationPlatforms) = preSolution
		Debug|Any CPU = Debug|Any CPU
		Release|Any CPU = Release|Any CPU
	EndGlobalSection
	GlobalSection(ProjectConfigurationPlatforms) = postSolution
		{D203106A-F2BE-4FFD-A35C-FD30F23794B7}.Debug|Any CPU.ActiveCfg = Debug|Any CPU
		{D203106A-F2BE-4FFD-A35C-FD30F23794B7}.Debug|Any CPU.Build.0 = Debug|Any CPU
		{D203106A-F2BE-4FFD-A35C-FD30F23794B7}.Release|Any CPU.ActiveCfg = Release|Any CPU
		{D203106A-F2BE-4FFD-A35C-FD30F23794B7}.Release|Any CPU.Build.0 = Release|Any CPU
	EndGlobalSection
	GlobalSection(SolutionProperties) = preSolution
		HideSolutionNode = FALSE
	EndGlobalSection
	GlobalSection(ExtensibilityGlobals) = postSolution
		SolutionGuid = {05EA821F-CE7A-4003-BA03-3D3BA0A25A43}
	EndGlobalSection
EndGlobal
